
Microsoft Visual Studio Solution File, Format Version 12.00
# Visual Studio 15
VisualStudioVersion = 15.0.28010.2003
MinimumVisualStudioVersion = 10.0.40219.1
Project("{9A19103F-16F7-4668-BE54-9A1E7A4F7556}") = "NgApp_API", "NgApp-API\NgApp_API.csproj", "{E84C7301-69E8-4AAB-8196-24B0B45C13FC}"
EndProject
Project("{E24C65DC-7377-472B-9ABA-BC803B73C61A}") = "NgApp-SPA", "NgApp-SPA\", "{A9151364-F6C7-474A-B14A-1A29F11EC03D}"
	ProjectSection(WebsiteProperties) = preProject
		TargetFrameworkMoniker = ".NETFramework,Version%3Dv4.0"
		Debug.AspNetCompiler.VirtualPath = "/localhost_60880"
		Debug.AspNetCompiler.PhysicalPath = "NgApp-SPA\"
		Debug.AspNetCompiler.TargetPath = "PrecompiledWeb\localhost_60880\"
		Debug.AspNetCompiler.Updateable = "true"
		Debug.AspNetCompiler.ForceOverwrite = "true"
		Debug.AspNetCompiler.FixedNames = "false"
		Debug.AspNetCompiler.Debug = "True"
		Release.AspNetCompiler.VirtualPath = "/localhost_60880"
		Release.AspNetCompiler.PhysicalPath = "NgApp-SPA\"
		Release.AspNetCompiler.TargetPath = "PrecompiledWeb\localhost_60880\"
		Release.AspNetCompiler.Updateable = "true"
		Release.AspNetCompiler.ForceOverwrite = "true"
		Release.AspNetCompiler.FixedNames = "false"
		Release.AspNetCompiler.Debug = "False"
		VWDPort = "60880"
		SlnRelativePath = "NgApp-SPA\"
	EndProjectSection
EndProject
Global
	GlobalSection(SolutionConfigurationPlatforms) = preSolution
		Debug|Any CPU = Debug|Any CPU
		Release|Any CPU = Release|Any CPU
	EndGlobalSection
	GlobalSection(ProjectConfigurationPlatforms) = postSolution
		{E84C7301-69E8-4AAB-8196-24B0B45C13FC}.Debug|Any CPU.ActiveCfg = Debug|Any CPU
		{E84C7301-69E8-4AAB-8196-24B0B45C13FC}.Debug|Any CPU.Build.0 = Debug|Any CPU
		{E84C7301-69E8-4AAB-8196-24B0B45C13FC}.Release|Any CPU.ActiveCfg = Release|Any CPU
		{E84C7301-69E8-4AAB-8196-24B0B45C13FC}.Release|Any CPU.Build.0 = Release|Any CPU
		{A9151364-F6C7-474A-B14A-1A29F11EC03D}.Debug|Any CPU.ActiveCfg = Debug|Any CPU
		{A9151364-F6C7-474A-B14A-1A29F11EC03D}.Debug|Any CPU.Build.0 = Debug|Any CPU
		{A9151364-F6C7-474A-B14A-1A29F11EC03D}.Release|Any CPU.ActiveCfg = Debug|Any CPU
		{A9151364-F6C7-474A-B14A-1A29F11EC03D}.Release|Any CPU.Build.0 = Debug|Any CPU
	EndGlobalSection
	GlobalSection(SolutionProperties) = preSolution
		HideSolutionNode = FALSE
	EndGlobalSection
	GlobalSection(ExtensibilityGlobals) = postSolution
		SolutionGuid = {9229CDD4-B794-4C31-89D0-27BC085D40E8}
	EndGlobalSection
EndGlobal
